// !$*UTF8*$!
{
	archiveVersion = 1;
	classes = {
	};
	objectVersion = 50;
	objects = {

/* Begin PBXBuildFile section */
		1FBA2E5725BA3DDC001B9D6E /* HomeHeaderView.swift in Sources */ = {isa = PBXBuildFile; fileRef = 1FBA2E5625BA3DDC001B9D6E /* HomeHeaderView.swift */; };
		1FFA910925BA379F00595FEC /* N26CloneApp.swift in Sources */ = {isa = PBXBuildFile; fileRef = 1FFA910825BA379F00595FEC /* N26CloneApp.swift */; };
		1FFA910B25BA379F00595FEC /* ContentView.swift in Sources */ = {isa = PBXBuildFile; fileRef = 1FFA910A25BA379F00595FEC /* ContentView.swift */; };
		1FFA910D25BA37A000595FEC /* Assets.xcassets in Resources */ = {isa = PBXBuildFile; fileRef = 1FFA910C25BA37A000595FEC /* Assets.xcassets */; };
		1FFA911025BA37A000595FEC /* Preview Assets.xcassets in Resources */ = {isa = PBXBuildFile; fileRef = 1FFA910F25BA37A000595FEC /* Preview Assets.xcassets */; };
		1FFA911B25BA3C5100595FEC /* HomeView.swift in Sources */ = {isa = PBXBuildFile; fileRef = 1FFA911A25BA3C5100595FEC /* HomeView.swift */; };
/* End PBXBuildFile section */

/* Begin PBXFileReference section */
		1FBA2E5625BA3DDC001B9D6E /* HomeHeaderView.swift */ = {isa = PBXFileReference; lastKnownFileType = sourcecode.swift; path = HomeHeaderView.swift; sourceTree = "<group>"; };
		1FFA910525BA379F00595FEC /* N26Clone.app */ = {isa = PBXFileReference; explicitFileType = wrapper.application; includeInIndex = 0; path = N26Clone.app; sourceTree = BUILT_PRODUCTS_DIR; };
		1FFA910825BA379F00595FEC /* N26CloneApp.swift */ = {isa = PBXFileReference; lastKnownFileType = sourcecode.swift; path = N26CloneApp.swift; sourceTree = "<group>"; };
		1FFA910A25BA379F00595FEC /* ContentView.swift */ = {isa = PBXFileReference; lastKnownFileType = sourcecode.swift; path = ContentView.swift; sourceTree = "<group>"; };
		1FFA910C25BA37A000595FEC /* Assets.xcassets */ = {isa = PBXFileReference; lastKnownFileType = folder.assetcatalog; path = Assets.xcassets; sourceTree = "<group>"; };
		1FFA910F25BA37A000595FEC /* Preview Assets.xcassets */ = {isa = PBXFileReference; lastKnownFileType = folder.assetcatalog; path = "Preview Assets.xcassets"; sourceTree = "<group>"; };
		1FFA911125BA37A000595FEC /* Info.plist */ = {isa = PBXFileReference; lastKnownFileType = text.plist.xml; path = Info.plist; sourceTree = "<group>"; };
		1FFA911A25BA3C5100595FEC /* HomeView.swift */ = {isa = PBXFileReference; lastKnownFileType = sourcecode.swift; path = HomeView.swift; sourceTree = "<group>"; };
/* End PBXFileReference section */

/* Begin PBXFrameworksBuildPhase section */
		1FFA910225BA379F00595FEC /* Frameworks */ = {
			isa = PBXFrameworksBuildPhase;
			buildActionMask = 2147483647;
			files = (
			);
			runOnlyForDeploymentPostprocessing = 0;
		};
/* End PBXFrameworksBuildPhase section */

/* Begin PBXGroup section */
		1FFA90FC25BA379F00595FEC = {
			isa = PBXGroup;
			children = (
				1FFA910725BA379F00595FEC /* N26Clone */,
				1FFA910625BA379F00595FEC /* Products */,
			);
			sourceTree = "<group>";
		};
		1FFA910625BA379F00595FEC /* Products */ = {
			isa = PBXGroup;
			children = (
				1FFA910525BA379F00595FEC /* N26Clone.app */,
			);
			name = Products;
			sourceTree = "<group>";
		};
		1FFA910725BA379F00595FEC /* N26Clone */ = {
			isa = PBXGroup;
			children = (
				1FFA911825BA3C4300595FEC /* Classes */,
				1FFA910825BA379F00595FEC /* N26CloneApp.swift */,
				1FFA910A25BA379F00595FEC /* ContentView.swift */,
				1FFA910C25BA37A000595FEC /* Assets.xcassets */,
				1FFA911125BA37A000595FEC /* Info.plist */,
				1FFA910E25BA37A000595FEC /* Preview Content */,
			);
			path = N26Clone;
			sourceTree = "<group>";
		};
		1FFA910E25BA37A000595FEC /* Preview Content */ = {
			isa = PBXGroup;
			children = (
				1FFA910F25BA37A000595FEC /* Preview Assets.xcassets */,
			);
			path = "Preview Content";
			sourceTree = "<group>";
		};
		1FFA911825BA3C4300595FEC /* Classes */ = {
			isa = PBXGroup;
			children = (
				1FFA911925BA3C4800595FEC /* Home */,
			);
			path = Classes;
			sourceTree = "<group>";
		};
		1FFA911925BA3C4800595FEC /* Home */ = {
			isa = PBXGroup;
			children = (
				1FFA911A25BA3C5100595FEC /* HomeView.swift */,
				1FBA2E5625BA3DDC001B9D6E /* HomeHeaderView.swift */,
			);
			path = Home;
			sourceTree = "<group>";
		};
/* End PBXGroup section */

/* Begin PBXNativeTarget section */
		1FFA910425BA379F00595FEC /* N26Clone */ = {
			isa = PBXNativeTarget;
			buildConfigurationList = 1FFA911425BA37A000595FEC /* Build configuration list for PBXNativeTarget "N26Clone" */;
			buildPhases = (
				1FFA910125BA379F00595FEC /* Sources */,
				1FFA910225BA379F00595FEC /* Frameworks */,
				1FFA910325BA379F00595FEC /* Resources */,
			);
			buildRules = (
			);
			dependencies = (
			);
			name = N26Clone;
			productName = N26Clone;
			productReference = 1FFA910525BA379F00595FEC /* N26Clone.app */;
			productType = "com.apple.product-type.application";
		};
/* End PBXNativeTarget section */

/* Begin PBXProject section */
		1FFA90FD25BA379F00595FEC /* Project object */ = {
			isa = PBXProject;
			attributes = {
				LastSwiftUpdateCheck = 1230;
				LastUpgradeCheck = 1230;
				TargetAttributes = {
					1FFA910425BA379F00595FEC = {
						CreatedOnToolsVersion = 12.3;
					};
				};
			};
			buildConfigurationList = 1FFA910025BA379F00595FEC /* Build configuration list for PBXProject "N26Clone" */;
			compatibilityVersion = "Xcode 9.3";
			developmentRegion = en;
			hasScannedForEncodings = 0;
			knownRegions = (
				en,
				Base,
			);
			mainGroup = 1FFA90FC25BA379F00595FEC;
			productRefGroup = 1FFA910625BA379F00595FEC /* Products */;
			projectDirPath = "";
			projectRoot = "";
			targets = (
				1FFA910425BA379F00595FEC /* N26Clone */,
			);
		};
/* End PBXProject section */

/* Begin PBXResourcesBuildPhase section */
		1FFA910325BA379F00595FEC /* Resources */ = {
			isa = PBXResourcesBuildPhase;
			buildActionMask = 2147483647;
			files = (
				1FFA911025BA37A000595FEC /* Preview Assets.xcassets in Resources */,
				1FFA910D25BA37A000595FEC /* Assets.xcassets in Resources */,
			);
			runOnlyForDeploymentPostprocessing = 0;
		};
/* End PBXResourcesBuildPhase section */

/* Begin PBXSourcesBuildPhase section */
		1FFA910125BA379F00595FEC /* Sources */ = {
			isa = PBXSourcesBuildPhase;
			buildActionMask = 2147483647;
			files = (
				1FBA2E5725BA3DDC001B9D6E /* HomeHeaderView.swift in Sources */,
				1FFA911B25BA3C5100595FEC /* HomeView.swift in Sources */,
				1FFA910B25BA379F00595FEC /* ContentView.swift in Sources */,
				1FFA910925BA379F00595FEC /* N26CloneApp.swift in Sources */,
			);
			runOnlyForDeploymentPostprocessing = 0;
		};
/* End PBXSourcesBuildPhase section */

/* Begin XCBuildConfiguration section */
		1FFA911225BA37A000595FEC /* Debug */ = {
			isa = XCBuildConfiguration;
			buildSettings = {
				ALWAYS_SEARCH_USER_PATHS = NO;
				CLANG_ANALYZER_NONNULL = YES;
				CLANG_ANALYZER_NUMBER_OBJECT_CONVERSION = YES_AGGRESSIVE;
				CLANG_CXX_LANGUAGE_STANDARD = "gnu++14";
				CLANG_CXX_LIBRARY = "libc++";
				CLANG_ENABLE_MODULES = YES;
				CLANG_ENABLE_OBJC_ARC = YES;
				CLANG_ENABLE_OBJC_WEAK = YES;
				CLANG_WARN_BLOCK_CAPTURE_AUTORELEASING = YES;
				CLANG_WARN_BOOL_CONVERSION = YES;
				CLANG_WARN_COMMA = YES;
				CLANG_WARN_CONSTANT_CONVERSION = YES;
				CLANG_WARN_DEPRECATED_OBJC_IMPLEMENTATIONS = YES;
				CLANG_WARN_DIRECT_OBJC_ISA_USAGE = YES_ERROR;
				CLANG_WARN_DOCUMENTATION_COMMENTS = YES;
				CLANG_WARN_EMPTY_BODY = YES;
				CLANG_WARN_ENUM_CONVERSION = YES;
				CLANG_WARN_INFINITE_RECURSION = YES;
				CLANG_WARN_INT_CONVERSION = YES;
				CLANG_WARN_NON_LITERAL_NULL_CONVERSION = YES;
				CLANG_WARN_OBJC_IMPLICIT_RETAIN_SELF = YES;
				CLANG_WARN_OBJC_LITERAL_CONVERSION = YES;
				CLANG_WARN_OBJC_ROOT_CLASS = YES_ERROR;
				CLANG_WARN_QUOTED_INCLUDE_IN_FRAMEWORK_HEADER = YES;
				CLANG_WARN_RANGE_LOOP_ANALYSIS = YES;
				CLANG_WARN_STRICT_PROTOTYPES = YES;
				CLANG_WARN_SUSPICIOUS_MOVE = YES;
				CLANG_WARN_UNGUARDED_AVAILABILITY = YES_AGGRESSIVE;
				CLANG_WARN_UNREACHABLE_CODE = YES;
				CLANG_WARN__DUPLICATE_METHOD_MATCH = YES;
				COPY_PHASE_STRIP = NO;
				DEBUG_INFORMATION_FORMAT = dwarf;
				ENABLE_STRICT_OBJC_MSGSEND = YES;
				ENABLE_TESTABILITY = YES;
				GCC_C_LANGUAGE_STANDARD = gnu11;
				GCC_DYNAMIC_NO_PIC = NO;
				GCC_NO_COMMON_BLOCKS = YES;
				GCC_OPTIMIZATION_LEVEL = 0;
				GCC_PREPROCESSOR_DEFINITIONS = (
					"DEBUG=1",
					"$(inherited)",
				);
				GCC_WARN_64_TO_32_BIT_CONVERSION = YES;
				GCC_WARN_ABOUT_RETURN_TYPE = YES_ERROR;
				GCC_WARN_UNDECLARED_SELECTOR = YES;
				GCC_WARN_UNINITIALIZED_AUTOS = YES_AGGRESSIVE;
				GCC_WARN_UNUSED_FUNCTION = YES;
				GCC_WARN_UNUSED_VARIABLE = YES;
				IPHONEOS_DEPLOYMENT_TARGET = 14.3;
				MTL_ENABLE_DEBUG_INFO = INCLUDE_SOURCE;
				MTL_FAST_MATH = YES;
				ONLY_ACTIVE_ARCH = YES;
				SDKROOT = iphoneos;
				SWIFT_ACTIVE_COMPILATION_CONDITIONS = DEBUG;
				SWIFT_OPTIMIZATION_LEVEL = "-Onone";
			};
			name = Debug;
		};
		1FFA911325BA37A000595FEC /* Release */ = {
			isa = XCBuildConfiguration;
			buildSettings = {
				ALWAYS_SEARCH_USER_PATHS = NO;
				CLANG_ANALYZER_NONNULL = YES;
				CLANG_ANALYZER_NUMBER_OBJECT_CONVERSION = YES_AGGRESSIVE;
				CLANG_CXX_LANGUAGE_STANDARD = "gnu++14";
				CLANG_CXX_LIBRARY = "libc++";
				CLANG_ENABLE_MODULES = YES;
				CLANG_ENABLE_OBJC_ARC = YES;
				CLANG_ENABLE_OBJC_WEAK = YES;
				CLANG_WARN_BLOCK_CAPTURE_AUTORELEASING = YES;
				CLANG_WARN_BOOL_CONVERSION = YES;
				CLANG_WARN_COMMA = YES;
				CLANG_WARN_CONSTANT_CONVERSION = YES;
				CLANG_WARN_DEPRECATED_OBJC_IMPLEMENTATIONS = YES;
				CLANG_WARN_DIRECT_OBJC_ISA_USAGE = YES_ERROR;
				CLANG_WARN_DOCUMENTATION_COMMENTS = YES;
				CLANG_WARN_EMPTY_BODY = YES;
				CLANG_WARN_ENUM_CONVERSION = YES;
				CLANG_WARN_INFINITE_RECURSION = YES;
				CLANG_WARN_INT_CONVERSION = YES;
				CLANG_WARN_NON_LITERAL_NULL_CONVERSION = YES;
				CLANG_WARN_OBJC_IMPLICIT_RETAIN_SELF = YES;
				CLANG_WARN_OBJC_LITERAL_CONVERSION = YES;
				CLANG_WARN_OBJC_ROOT_CLASS = YES_ERROR;
				CLANG_WARN_QUOTED_INCLUDE_IN_FRAMEWORK_HEADER = YES;
				CLANG_WARN_RANGE_LOOP_ANALYSIS = YES;
				CLANG_WARN_STRICT_PROTOTYPES = YES;
				CLANG_WARN_SUSPICIOUS_MOVE = YES;
				CLANG_WARN_UNGUARDED_AVAILABILITY = YES_AGGRESSIVE;
				CLANG_WARN_UNREACHABLE_CODE = YES;
				CLANG_WARN__DUPLICATE_METHOD_MATCH = YES;
				COPY_PHASE_STRIP = NO;
				DEBUG_INFORMATION_FORMAT = "dwarf-with-dsym";
				ENABLE_NS_ASSERTIONS = NO;
				ENABLE_STRICT_OBJC_MSGSEND = YES;
				GCC_C_LANGUAGE_STANDARD = gnu11;
				GCC_NO_COMMON_BLOCKS = YES;
				GCC_WARN_64_TO_32_BIT_CONVERSION = YES;
				GCC_WARN_ABOUT_RETURN_TYPE = YES_ERROR;
				GCC_WARN_UNDECLARED_SELECTOR = YES;
				GCC_WARN_UNINITIALIZED_AUTOS = YES_AGGRESSIVE;
				GCC_WARN_UNUSED_FUNCTION = YES;
				GCC_WARN_UNUSED_VARIABLE = YES;
				IPHONEOS_DEPLOYMENT_TARGET = 14.3;
				MTL_ENABLE_DEBUG_INFO = NO;
				MTL_FAST_MATH = YES;
				SDKROOT = iphoneos;
				SWIFT_COMPILATION_MODE = wholemodule;
				SWIFT_OPTIMIZATION_LEVEL = "-O";
				VALIDATE_PRODUCT = YES;
			};
			name = Release;
		};
		1FFA911525BA37A000595FEC /* Debug */ = {
			isa = XCBuildConfiguration;
			buildSettings = {
				ASSETCATALOG_COMPILER_APPICON_NAME = AppIcon;
				ASSETCATALOG_COMPILER_GLOBAL_ACCENT_COLOR_NAME = AccentColor;
				CODE_SIGN_STYLE = Automatic;
				DEVELOPMENT_ASSET_PATHS = "\"N26Clone/Preview Content\"";
				DEVELOPMENT_TEAM = R48ZVZNF5C;
				ENABLE_PREVIEWS = YES;
				INFOPLIST_FILE = N26Clone/Info.plist;
				IPHONEOS_DEPLOYMENT_TARGET = 14.0;
				LD_RUNPATH_SEARCH_PATHS = (
					"$(inherited)",
					"@executable_path/Frameworks",
				);
				PRODUCT_BUNDLE_IDENTIFIER = de.fabiangroeger.N26Clone;
				PRODUCT_NAME = "$(TARGET_NAME)";
				SWIFT_VERSION = 5.0;
				TARGETED_DEVICE_FAMILY = "1,2";
			};
			name = Debug;
		};
		1FFA911625BA37A000595FEC /* Release */ = {
			isa = XCBuildConfiguration;
			buildSettings = {
				ASSETCATALOG_COMPILER_APPICON_NAME = AppIcon;
				ASSETCATALOG_COMPILER_GLOBAL_ACCENT_COLOR_NAME = AccentColor;
				CODE_SIGN_STYLE = Automatic;
				DEVELOPMENT_ASSET_PATHS = "\"N26Clone/Preview Content\"";
				DEVELOPMENT_TEAM = R48ZVZNF5C;
				ENABLE_PREVIEWS = YES;
				INFOPLIST_FILE = N26Clone/Info.plist;
				IPHONEOS_DEPLOYMENT_TARGET = 14.0;
				LD_RUNPATH_SEARCH_PATHS = (
					"$(inherited)",
					"@executable_path/Frameworks",
				);
				PRODUCT_BUNDLE_IDENTIFIER = de.fabiangroeger.N26Clone;
				PRODUCT_NAME = "$(TARGET_NAME)";
				SWIFT_VERSION = 5.0;
				TARGETED_DEVICE_FAMILY = "1,2";
			};
			name = Release;
		};
/* End XCBuildConfiguration section */

/* Begin XCConfigurationList section */
		1FFA910025BA379F00595FEC /* Build configuration list for PBXProject "N26Clone" */ = {
			isa = XCConfigurationList;
			buildConfigurations = (
				1FFA911225BA37A000595FEC /* Debug */,
				1FFA911325BA37A000595FEC /* Release */,
			);
			defaultConfigurationIsVisible = 0;
			defaultConfigurationName = Release;
		};
		1FFA911425BA37A000595FEC /* Build configuration list for PBXNativeTarget "N26Clone" */ = {
			isa = XCConfigurationList;
			buildConfigurations = (
				1FFA911525BA37A000595FEC /* Debug */,
				1FFA911625BA37A000595FEC /* Release */,
			);
			defaultConfigurationIsVisible = 0;
			defaultConfigurationName = Release;
		};
/* End XCConfigurationList section */
	};
	rootObject = 1FFA90FD25BA379F00595FEC /* Project object */;
}
